github.com/StackExchange/wmi v0.0.0-20190523213315-cbe66965904d h1:G0m3OIz70MZUWq3EgK3CesDbo8upS2Vm9/P3FtgI+Jk=
github.com/StackExchange/wmi v0.0.0-20190523213315-cbe66965904d/go.mod h1:3eOhrUMpNV+6aFIbp5/iudMxNCF27Vw2OZgy4xEx0Fg=
github.com/go-ole/go-ole v1.2.4 h1:nNBDSCOigTSiarFpYE9J/KtEA1IOW4CNeqT9TQDqCxI=
github.com/go-ole/go-ole v1.2.4/go.mod h1:XCwSNxSkXRo4vlyPy93sltvi/qJq0jqQhjqQNIwKuxM=
github.com/lxn/win v0.0.0-20201021184640-9c48443b1f44 h1:5EnI2+vhRty/RE7v983dfdv0wKrDapW5xNHBMdDT4uY=
github.com/lxn/win v0.0.0-20201021184640-9c48443b1f44/go.mod h1:KxxjdtRkfNoYDCUP5ryK7XJJNTnpC8atvtmTheChOtk=
github.com/shirou/gopsutil v2.20.9+incompatible h1:msXs2frUV+O/JLva9EDLpuJ84PrFsdCTCQex8PUdtkQ=
github.com/shirou/gopsutil v2.20.9+incompatible/go.mod h1:5b4v6he4MtMOwMlS0TUMTu2PcXUg8+E1lC7eC3UO/RA=
golang.org/x/sys v0.0.0-20201018230417-eeed37f84f13/go.mod h1:h1NjWce9XRLGQEsW7wpKNCjG9DtNlClVuFLEZdDNbEs=
golang.org/x/sys v0.0.0-20201028094953-708e7fb298ac h1:bplbaOojU0hnrC9nvWJ5Nvp/gPIWKFMiGBFI9Cpp16I=
golang.org/x/sys v0.0.0-20201028094953-708e7fb298ac/go.mod h1:h1NjWce9XRLGQEsW7wpKNCjG9DtNlClVuFLEZdDNbEs=
